
Microsoft Visual Studio Solution File, Format Version 12.00
# Visual Studio 15
VisualStudioVersion = 15.0.27004.2006
MinimumVisualStudioVersion = 10.0.40219.1
Project("{FAE04EC0-301F-11D3-BF4B-00C04F79EFBC}") = "MonsterValueCrew", "MonsterValueCrew\MonsterValueCrew.csproj", "{096810D4-713C-4E40-A2C0-F9080FE3B75D}"
EndProject
Project("{FAE04EC0-301F-11D3-BF4B-00C04F79EFBC}") = "MonsterValueCrew.Tests", "MonsterValueCrew.Tests\MonsterValueCrew.Tests.csproj", "{1C5D6006-9306-4EFA-BD5C-3103D1AB289E}"
EndProject
Project("{FAE04EC0-301F-11D3-BF4B-00C04F79EFBC}") = "MonsterValueCrew.Data", "MonsterValueCrew.Data\MonsterValueCrew.Data.csproj", "{C9729FE9-C14B-4F7A-A43B-22F5E9BCA401}"
EndProject
Project("{FAE04EC0-301F-11D3-BF4B-00C04F79EFBC}") = "MonsterValueCrew.Models", "MonsterValueCrew.Models\MonsterValueCrew.Models.csproj", "{98533D98-2B73-4AA1-9F9D-C7C5052BDA7B}"
EndProject
Project("{FAE04EC0-301F-11D3-BF4B-00C04F79EFBC}") = "MonsterValueCrew.Services", "MonsterValueCrew.Services\MonsterValueCrew.Services.csproj", "{234C5F8F-8204-49D3-A58B-54D173DE4E64}"
EndProject
Project("{FAE04EC0-301F-11D3-BF4B-00C04F79EFBC}") = "MonsterValueCrew.Common", "MonsterValueCrew.Common\MonsterValueCrew.Common.csproj", "{ED7A2B46-20B2-4590-AE51-E1023A157F2E}"
EndProject
Project("{FAE04EC0-301F-11D3-BF4B-00C04F79EFBC}") = "MonsterValueCrew.DataServices", "MonsterValueCrew.DataServices\MonsterValueCrew.DataServices.csproj", "{52152330-DD5D-4EF0-9AEC-02FD56FFA91A}"
EndProject
Global
	GlobalSection(SolutionConfigurationPlatforms) = preSolution
		Debug|Any CPU = Debug|Any CPU
		Release|Any CPU = Release|Any CPU
	EndGlobalSection
	GlobalSection(ProjectConfigurationPlatforms) = postSolution
		{096810D4-713C-4E40-A2C0-F9080FE3B75D}.Debug|Any CPU.ActiveCfg = Debug|Any CPU
		{096810D4-713C-4E40-A2C0-F9080FE3B75D}.Debug|Any CPU.Build.0 = Debug|Any CPU
		{096810D4-713C-4E40-A2C0-F9080FE3B75D}.Release|Any CPU.ActiveCfg = Release|Any CPU
		{096810D4-713C-4E40-A2C0-F9080FE3B75D}.Release|Any CPU.Build.0 = Release|Any CPU
		{1C5D6006-9306-4EFA-BD5C-3103D1AB289E}.Debug|Any CPU.ActiveCfg = Debug|Any CPU
		{1C5D6006-9306-4EFA-BD5C-3103D1AB289E}.Debug|Any CPU.Build.0 = Debug|Any CPU
		{1C5D6006-9306-4EFA-BD5C-3103D1AB289E}.Release|Any CPU.ActiveCfg = Release|Any CPU
		{1C5D6006-9306-4EFA-BD5C-3103D1AB289E}.Release|Any CPU.Build.0 = Release|Any CPU
		{C9729FE9-C14B-4F7A-A43B-22F5E9BCA401}.Debug|Any CPU.ActiveCfg = Debug|Any CPU
		{C9729FE9-C14B-4F7A-A43B-22F5E9BCA401}.Debug|Any CPU.Build.0 = Debug|Any CPU
		{C9729FE9-C14B-4F7A-A43B-22F5E9BCA401}.Release|Any CPU.ActiveCfg = Release|Any CPU
		{C9729FE9-C14B-4F7A-A43B-22F5E9BCA401}.Release|Any CPU.Build.0 = Release|Any CPU
		{98533D98-2B73-4AA1-9F9D-C7C5052BDA7B}.Debug|Any CPU.ActiveCfg = Debug|Any CPU
		{98533D98-2B73-4AA1-9F9D-C7C5052BDA7B}.Debug|Any CPU.Build.0 = Debug|Any CPU
		{98533D98-2B73-4AA1-9F9D-C7C5052BDA7B}.Release|Any CPU.ActiveCfg = Release|Any CPU
		{98533D98-2B73-4AA1-9F9D-C7C5052BDA7B}.Release|Any CPU.Build.0 = Release|Any CPU
		{234C5F8F-8204-49D3-A58B-54D173DE4E64}.Debug|Any CPU.ActiveCfg = Debug|Any CPU
		{234C5F8F-8204-49D3-A58B-54D173DE4E64}.Debug|Any CPU.Build.0 = Debug|Any CPU
		{234C5F8F-8204-49D3-A58B-54D173DE4E64}.Release|Any CPU.ActiveCfg = Release|Any CPU
		{234C5F8F-8204-49D3-A58B-54D173DE4E64}.Release|Any CPU.Build.0 = Release|Any CPU
		{ED7A2B46-20B2-4590-AE51-E1023A157F2E}.Debug|Any CPU.ActiveCfg = Debug|Any CPU
		{ED7A2B46-20B2-4590-AE51-E1023A157F2E}.Debug|Any CPU.Build.0 = Debug|Any CPU
		{ED7A2B46-20B2-4590-AE51-E1023A157F2E}.Release|Any CPU.ActiveCfg = Release|Any CPU
		{ED7A2B46-20B2-4590-AE51-E1023A157F2E}.Release|Any CPU.Build.0 = Release|Any CPU
		{52152330-DD5D-4EF0-9AEC-02FD56FFA91A}.Debug|Any CPU.ActiveCfg = Debug|Any CPU
		{52152330-DD5D-4EF0-9AEC-02FD56FFA91A}.Debug|Any CPU.Build.0 = Debug|Any CPU
		{52152330-DD5D-4EF0-9AEC-02FD56FFA91A}.Release|Any CPU.ActiveCfg = Release|Any CPU
		{52152330-DD5D-4EF0-9AEC-02FD56FFA91A}.Release|Any CPU.Build.0 = Release|Any CPU
	EndGlobalSection
	GlobalSection(SolutionProperties) = preSolution
		HideSolutionNode = FALSE
	EndGlobalSection
	GlobalSection(ExtensibilityGlobals) = postSolution
		SolutionGuid = {435DF4A4-6C03-4BE4-95C0-F171A4FD8C39}
	EndGlobalSection
EndGlobal
